
Microsoft Visual Studio Solution File, Format Version 12.00
# Visual Studio Version 17
VisualStudioVersion = 17.6.33829.357
MinimumVisualStudioVersion = 10.0.40219.1
Project("{9A19103F-16F7-4668-BE54-9A1E7A4F7556}") = "Coursea", "Coursea.csproj", "{752018AA-62CA-44EA-94CC-868B08697F8A}"
EndProject
Project("{9A19103F-16F7-4668-BE54-9A1E7A4F7556}") = "MailService", "..\User.Management.Service\MailService.csproj", "{7152A851-167D-4D32-A67B-F579065E7F62}"
EndProject
Global
	GlobalSection(SolutionConfigurationPlatforms) = preSolution
		Debug|Any CPU = Debug|Any CPU
		Release|Any CPU = Release|Any CPU
	EndGlobalSection
	GlobalSection(ProjectConfigurationPlatforms) = postSolution
		{752018AA-62CA-44EA-94CC-868B08697F8A}.Debug|Any CPU.ActiveCfg = Debug|Any CPU
		{752018AA-62CA-44EA-94CC-868B08697F8A}.Debug|Any CPU.Build.0 = Debug|Any CPU
		{752018AA-62CA-44EA-94CC-868B08697F8A}.Release|Any CPU.ActiveCfg = Release|Any CPU
		{752018AA-62CA-44EA-94CC-868B08697F8A}.Release|Any CPU.Build.0 = Release|Any CPU
		{7152A851-167D-4D32-A67B-F579065E7F62}.Debug|Any CPU.ActiveCfg = Debug|Any CPU
		{7152A851-167D-4D32-A67B-F579065E7F62}.Debug|Any CPU.Build.0 = Debug|Any CPU
		{7152A851-167D-4D32-A67B-F579065E7F62}.Release|Any CPU.ActiveCfg = Release|Any CPU
		{7152A851-167D-4D32-A67B-F579065E7F62}.Release|Any CPU.Build.0 = Release|Any CPU
	EndGlobalSection
	GlobalSection(SolutionProperties) = preSolution
		HideSolutionNode = FALSE
	EndGlobalSection
	GlobalSection(ExtensibilityGlobals) = postSolution
		SolutionGuid = {100EE502-5E27-4D26-BAA9-0A4A499DCDAB}
	EndGlobalSection
EndGlobal
